
Microsoft Visual Studio Solution File, Format Version 12.00
# Visual Studio 2012
Project("{FAE04EC0-301F-11D3-BF4B-00C04F79EFBC}") = "BDD.Framework", "BDD.Framework\BDD.Framework.csproj", "{6A16E6AB-1E10-4ED3-BFC2-13AE6BF2CF79}"
EndProject
Project("{2150E333-8FDC-42A3-9474-1A3956D46DE8}") = "Libs", "Libs", "{F9D9FBAB-D360-4D1F-8E12-6016E1490A77}"
EndProject
Global
	GlobalSection(SolutionConfigurationPlatforms) = preSolution
		Debug|Any CPU = Debug|Any CPU
		Release|Any CPU = Release|Any CPU
	EndGlobalSection
	GlobalSection(ProjectConfigurationPlatforms) = postSolution
		{6A16E6AB-1E10-4ED3-BFC2-13AE6BF2CF79}.Debug|Any CPU.ActiveCfg = Debug|Any CPU
		{6A16E6AB-1E10-4ED3-BFC2-13AE6BF2CF79}.Debug|Any CPU.Build.0 = Debug|Any CPU
		{6A16E6AB-1E10-4ED3-BFC2-13AE6BF2CF79}.Release|Any CPU.ActiveCfg = Release|Any CPU
		{6A16E6AB-1E10-4ED3-BFC2-13AE6BF2CF79}.Release|Any CPU.Build.0 = Release|Any CPU
	EndGlobalSection
	GlobalSection(SolutionProperties) = preSolution
		HideSolutionNode = FALSE
	EndGlobalSection
EndGlobal
